// !$*UTF8*$!
{
	archiveVersion = 1;
	classes = {
	};
	objectVersion = 46;
	objects = {

/* Begin PBXBuildFile section */
		18E5ED3E15A81E7200F9E3C3 /* UIKit.framework in Frameworks */ = {isa = PBXBuildFile; fileRef = 18E5ED3D15A81E7200F9E3C3 /* UIKit.framework */; };
		18E5ED4015A81E7200F9E3C3 /* Foundation.framework in Frameworks */ = {isa = PBXBuildFile; fileRef = 18E5ED3F15A81E7200F9E3C3 /* Foundation.framework */; };
		18E5ED4615A81E7200F9E3C3 /* InfoPlist.strings in Resources */ = {isa = PBXBuildFile; fileRef = 18E5ED4415A81E7200F9E3C3 /* InfoPlist.strings */; };
		18E5ED4815A81E7200F9E3C3 /* main.m in Sources */ = {isa = PBXBuildFile; fileRef = 18E5ED4715A81E7200F9E3C3 /* main.m */; };
		18E5ED4C15A81E7200F9E3C3 /* AppDelegate.m in Sources */ = {isa = PBXBuildFile; fileRef = 18E5ED4B15A81E7200F9E3C3 /* AppDelegate.m */; };
		18E5ED4F15A81E7200F9E3C3 /* MasterViewController.m in Sources */ = {isa = PBXBuildFile; fileRef = 18E5ED4E15A81E7200F9E3C3 /* MasterViewController.m */; };
		18E5ED5215A81E7200F9E3C3 /* DetailViewController.m in Sources */ = {isa = PBXBuildFile; fileRef = 18E5ED5115A81E7200F9E3C3 /* DetailViewController.m */; };
		18E5ED5515A81E7200F9E3C3 /* MasterViewController_iPhone.xib in Resources */ = {isa = PBXBuildFile; fileRef = 18E5ED5315A81E7200F9E3C3 /* MasterViewController_iPhone.xib */; };
		18E5ED5815A81E7300F9E3C3 /* MasterViewController_iPad.xib in Resources */ = {isa = PBXBuildFile; fileRef = 18E5ED5615A81E7300F9E3C3 /* MasterViewController_iPad.xib */; };
		18E5ED5B15A81E7300F9E3C3 /* DetailViewController_iPhone.xib in Resources */ = {isa = PBXBuildFile; fileRef = 18E5ED5915A81E7300F9E3C3 /* DetailViewController_iPhone.xib */; };
		18E5ED5E15A81E7300F9E3C3 /* DetailViewController_iPad.xib in Resources */ = {isa = PBXBuildFile; fileRef = 18E5ED5C15A81E7300F9E3C3 /* DetailViewController_iPad.xib */; };
/* End PBXBuildFile section */

/* Begin PBXFileReference section */
		18E5ED3915A81E7200F9E3C3 /* AasthaAPp.app */ = {isa = PBXFileReference; explicitFileType = wrapper.application; includeInIndex = 0; path = AasthaAPp.app; sourceTree = BUILT_PRODUCTS_DIR; };
		18E5ED3D15A81E7200F9E3C3 /* UIKit.framework */ = {isa = PBXFileReference; lastKnownFileType = wrapper.framework; name = UIKit.framework; path = System/Library/Frameworks/UIKit.framework; sourceTree = SDKROOT; };
		18E5ED3F15A81E7200F9E3C3 /* Foundation.framework */ = {isa = PBXFileReference; lastKnownFileType = wrapper.framework; name = Foundation.framework; path = System/Library/Frameworks/Foundation.framework; sourceTree = SDKROOT; };
		18E5ED4315A81E7200F9E3C3 /* AasthaAPp-Info.plist */ = {isa = PBXFileReference; path = "AasthaAPp-Info.plist"; sourceTree = "<group>"; };
		18E5ED4515A81E7200F9E3C3 /* en */ = {isa = PBXFileReference; lastKnownFileType = text.plist.strings; name = en; path = en.lproj/InfoPlist.strings; sourceTree = "<group>"; };
		18E5ED4715A81E7200F9E3C3 /* main.m */ = {isa = PBXFileReference; lastKnownFileType = sourcecode.c.objc; path = main.m; sourceTree = "<group>"; };
		18E5ED4915A81E7200F9E3C3 /* AasthaAPp-Prefix.pch */ = {isa = PBXFileReference; path = "AasthaAPp-Prefix.pch"; sourceTree = "<group>"; };
		18E5ED4A15A81E7200F9E3C3 /* AppDelegate.h */ = {isa = PBXFileReference; path = AppDelegate.h; sourceTree = "<group>"; };
		18E5ED4B15A81E7200F9E3C3 /* AppDelegate.m */ = {isa = PBXFileReference; lastKnownFileType = sourcecode.c.objc; path = AppDelegate.m; sourceTree = "<group>"; };
		18E5ED4D15A81E7200F9E3C3 /* MasterViewController.h */ = {isa = PBXFileReference; path = MasterViewController.h; sourceTree = "<group>"; };
		18E5ED4E15A81E7200F9E3C3 /* MasterViewController.m */ = {isa = PBXFileReference; lastKnownFileType = sourcecode.c.objc; path = MasterViewController.m; sourceTree = "<group>"; };
		18E5ED5015A81E7200F9E3C3 /* DetailViewController.h */ = {isa = PBXFileReference; path = DetailViewController.h; sourceTree = "<group>"; };
		18E5ED5115A81E7200F9E3C3 /* DetailViewController.m */ = {isa = PBXFileReference; lastKnownFileType = sourcecode.c.objc; path = DetailViewController.m; sourceTree = "<group>"; };
		18E5ED5415A81E7200F9E3C3 /* en */ = {isa = PBXFileReference; lastKnownFileType = file.xib; name = en; path = en.lproj/MasterViewController_iPhone.xib; sourceTree = "<group>"; };
		18E5ED5715A81E7300F9E3C3 /* en */ = {isa = PBXFileReference; lastKnownFileType = file.xib; name = en; path = en.lproj/MasterViewController_iPad.xib; sourceTree = "<group>"; };
		18E5ED5A15A81E7300F9E3C3 /* en */ = {isa = PBXFileReference; lastKnownFileType = file.xib; name = en; path = en.lproj/DetailViewController_iPhone.xib; sourceTree = "<group>"; };
		18E5ED5D15A81E7300F9E3C3 /* en */ = {isa = PBXFileReference; lastKnownFileType = file.xib; name = en; path = en.lproj/DetailViewController_iPad.xib; sourceTree = "<group>"; };
/* End PBXFileReference section */

/* Begin PBXFrameworksBuildPhase section */
		18E5ED3615A81E7200F9E3C3 /* Frameworks */ = {
			isa = PBXFrameworksBuildPhase;
			buildActionMask = 2147483647;
			files = (
				18E5ED3E15A81E7200F9E3C3 /* UIKit.framework in Frameworks */,
				18E5ED4015A81E7200F9E3C3 /* Foundation.framework in Frameworks */,
			);
			runOnlyForDeploymentPostprocessing = 0;
		};
/* End PBXFrameworksBuildPhase section */

/* Begin PBXGroup section */
		18E5ED2E15A81E7100F9E3C3 = {
			isa = PBXGroup;
			children = (
				18E5ED4115A81E7200F9E3C3 /* AasthaAPp */,
				18E5ED3C15A81E7200F9E3C3 /* Frameworks */,
				18E5ED3A15A81E7200F9E3C3 /* Products */,
			);
			sourceTree = "<group>";
		};
		18E5ED3A15A81E7200F9E3C3 /* Products */ = {
			isa = PBXGroup;
			children = (
				18E5ED3915A81E7200F9E3C3 /* AasthaAPp.app */,
			);
			name = Products;
			sourceTree = "<group>";
		};
		18E5ED3C15A81E7200F9E3C3 /* Frameworks */ = {
			isa = PBXGroup;
			children = (
				18E5ED3D15A81E7200F9E3C3 /* UIKit.framework */,
				18E5ED3F15A81E7200F9E3C3 /* Foundation.framework */,
			);
			name = Frameworks;
			sourceTree = "<group>";
		};
		18E5ED4115A81E7200F9E3C3 /* AasthaAPp */ = {
			isa = PBXGroup;
			children = (
				18E5ED4A15A81E7200F9E3C3 /* AppDelegate.h */,
				18E5ED4B15A81E7200F9E3C3 /* AppDelegate.m */,
				18E5ED4D15A81E7200F9E3C3 /* MasterViewController.h */,
				18E5ED4E15A81E7200F9E3C3 /* MasterViewController.m */,
				18E5ED5015A81E7200F9E3C3 /* DetailViewController.h */,
				18E5ED5115A81E7200F9E3C3 /* DetailViewController.m */,
				18E5ED5315A81E7200F9E3C3 /* MasterViewController_iPhone.xib */,
				18E5ED5615A81E7300F9E3C3 /* MasterViewController_iPad.xib */,
				18E5ED5915A81E7300F9E3C3 /* DetailViewController_iPhone.xib */,
				18E5ED5C15A81E7300F9E3C3 /* DetailViewController_iPad.xib */,
				18E5ED4215A81E7200F9E3C3 /* Supporting Files */,
			);
			path = AasthaAPp;
			sourceTree = "<group>";
		};
		18E5ED4215A81E7200F9E3C3 /* Supporting Files */ = {
			isa = PBXGroup;
			children = (
				18E5ED4315A81E7200F9E3C3 /* AasthaAPp-Info.plist */,
				18E5ED4415A81E7200F9E3C3 /* InfoPlist.strings */,
				18E5ED4715A81E7200F9E3C3 /* main.m */,
				18E5ED4915A81E7200F9E3C3 /* AasthaAPp-Prefix.pch */,
			);
			name = "Supporting Files";
			sourceTree = "<group>";
		};
/* End PBXGroup section */

/* Begin PBXNativeTarget section */
		18E5ED3815A81E7200F9E3C3 /* AasthaAPp */ = {
			isa = PBXNativeTarget;
			buildConfigurationList = 18E5ED6115A81E7300F9E3C3 /* Build configuration list for PBXNativeTarget "AasthaAPp" */;
			buildPhases = (
				18E5ED3515A81E7200F9E3C3 /* Sources */,
				18E5ED3615A81E7200F9E3C3 /* Frameworks */,
				18E5ED3715A81E7200F9E3C3 /* Resources */,
			);
			buildRules = (
			);
			dependencies = (
			);
			name = AasthaAPp;
			productName = AasthaAPp;
			productReference = 18E5ED3915A81E7200F9E3C3 /* AasthaAPp.app */;
			productType = "com.apple.product-type.application";
		};
/* End PBXNativeTarget section */

/* Begin PBXProject section */
		18E5ED3015A81E7200F9E3C3 /* Project object */ = {
			isa = PBXProject;
			attributes = {
				LastUpgradeCheck = 0420;
			};
			buildConfigurationList = 18E5ED3315A81E7200F9E3C3 /* Build configuration list for PBXProject "AasthaAPp" */;
			compatibilityVersion = "Xcode 3.2";
			developmentRegion = English;
			hasScannedForEncodings = 0;
			knownRegions = (
				en,
			);
			mainGroup = 18E5ED2E15A81E7100F9E3C3;
			productRefGroup = 18E5ED3A15A81E7200F9E3C3 /* Products */;
			projectDirPath = "";
			projectRoot = "";
			targets = (
				18E5ED3815A81E7200F9E3C3 /* AasthaAPp */,
			);
		};
/* End PBXProject section */

/* Begin PBXResourcesBuildPhase section */
		18E5ED3715A81E7200F9E3C3 /* Resources */ = {
			isa = PBXResourcesBuildPhase;
			buildActionMask = 2147483647;
			files = (
				18E5ED4615A81E7200F9E3C3 /* InfoPlist.strings in Resources */,
				18E5ED5515A81E7200F9E3C3 /* MasterViewController_iPhone.xib in Resources */,
				18E5ED5815A81E7300F9E3C3 /* MasterViewController_iPad.xib in Resources */,
				18E5ED5B15A81E7300F9E3C3 /* DetailViewController_iPhone.xib in Resources */,
				18E5ED5E15A81E7300F9E3C3 /* DetailViewController_iPad.xib in Resources */,
			);
			runOnlyForDeploymentPostprocessing = 0;
		};
/* End PBXResourcesBuildPhase section */

/* Begin PBXSourcesBuildPhase section */
		18E5ED3515A81E7200F9E3C3 /* Sources */ = {
			isa = PBXSourcesBuildPhase;
			buildActionMask = 2147483647;
			files = (
				18E5ED4815A81E7200F9E3C3 /* main.m in Sources */,
				18E5ED4C15A81E7200F9E3C3 /* AppDelegate.m in Sources */,
				18E5ED4F15A81E7200F9E3C3 /* MasterViewController.m in Sources */,
				18E5ED5215A81E7200F9E3C3 /* DetailViewController.m in Sources */,
			);
			runOnlyForDeploymentPostprocessing = 0;
		};
/* End PBXSourcesBuildPhase section */

/* Begin PBXVariantGroup section */
		18E5ED4415A81E7200F9E3C3 /* InfoPlist.strings */ = {
			isa = PBXVariantGroup;
			children = (
				18E5ED4515A81E7200F9E3C3 /* en */,
			);
			name = InfoPlist.strings;
			sourceTree = "<group>";
		};
		18E5ED5315A81E7200F9E3C3 /* MasterViewController_iPhone.xib */ = {
			isa = PBXVariantGroup;
			children = (
				18E5ED5415A81E7200F9E3C3 /* en */,
			);
			name = MasterViewController_iPhone.xib;
			sourceTree = "<group>";
		};
		18E5ED5615A81E7300F9E3C3 /* MasterViewController_iPad.xib */ = {
			isa = PBXVariantGroup;
			children = (
				18E5ED5715A81E7300F9E3C3 /* en */,
			);
			name = MasterViewController_iPad.xib;
			sourceTree = "<group>";
		};
		18E5ED5915A81E7300F9E3C3 /* DetailViewController_iPhone.xib */ = {
			isa = PBXVariantGroup;
			children = (
				18E5ED5A15A81E7300F9E3C3 /* en */,
			);
			name = DetailViewController_iPhone.xib;
			sourceTree = "<group>";
		};
		18E5ED5C15A81E7300F9E3C3 /* DetailViewController_iPad.xib */ = {
			isa = PBXVariantGroup;
			children = (
				18E5ED5D15A81E7300F9E3C3 /* en */,
			);
			name = DetailViewController_iPad.xib;
			sourceTree = "<group>";
		};
/* End PBXVariantGroup section */

/* Begin XCBuildConfiguration section */
		18E5ED5F15A81E7300F9E3C3 /* Debug */ = {
			isa = XCBuildConfiguration;
			buildSettings = {
				ALWAYS_SEARCH_USER_PATHS = NO;
				ARCHS = "$(ARCHS_STANDARD_32_BIT)";
				"CODE_SIGN_IDENTITY[sdk=iphoneos*]" = "iPhone Developer";
				COPY_PHASE_STRIP = NO;
				GCC_C_LANGUAGE_STANDARD = gnu99;
				GCC_DYNAMIC_NO_PIC = NO;
				GCC_OPTIMIZATION_LEVEL = 0;
				GCC_PREPROCESSOR_DEFINITIONS = (
					"DEBUG=1",
					"$(inherited)",
				);
				GCC_SYMBOLS_PRIVATE_EXTERN = NO;
				GCC_VERSION = com.apple.compilers.llvm.clang.1_0;
				GCC_WARN_ABOUT_MISSING_PROTOTYPES = YES;
				GCC_WARN_ABOUT_RETURN_TYPE = YES;
				GCC_WARN_UNUSED_VARIABLE = YES;
				IPHONEOS_DEPLOYMENT_TARGET = 5.0;
				SDKROOT = iphoneos;
				TARGETED_DEVICE_FAMILY = "1,2";
			};
			name = Debug;
		};
		18E5ED6015A81E7300F9E3C3 /* Release */ = {
			isa = XCBuildConfiguration;
			buildSettings = {
				ALWAYS_SEARCH_USER_PATHS = NO;
				ARCHS = "$(ARCHS_STANDARD_32_BIT)";
				"CODE_SIGN_IDENTITY[sdk=iphoneos*]" = "iPhone Developer";
				COPY_PHASE_STRIP = YES;
				GCC_C_LANGUAGE_STANDARD = gnu99;
				GCC_VERSION = com.apple.compilers.llvm.clang.1_0;
				GCC_WARN_ABOUT_MISSING_PROTOTYPES = YES;
				GCC_WARN_ABOUT_RETURN_TYPE = YES;
				GCC_WARN_UNUSED_VARIABLE = YES;
				IPHONEOS_DEPLOYMENT_TARGET = 5.0;
				OTHER_CFLAGS = "-DNS_BLOCK_ASSERTIONS=1";
				SDKROOT = iphoneos;
				TARGETED_DEVICE_FAMILY = "1,2";
				VALIDATE_PRODUCT = YES;
			};
			name = Release;
		};
		18E5ED6215A81E7300F9E3C3 /* Debug */ = {
			isa = XCBuildConfiguration;
			buildSettings = {
				GCC_PRECOMPILE_PREFIX_HEADER = YES;
				GCC_PREFIX_HEADER = "AasthaAPp/AasthaAPp-Prefix.pch";
				INFOPLIST_FILE = "AasthaAPp/AasthaAPp-Info.plist";
				PRODUCT_NAME = "$(TARGET_NAME)";
				WRAPPER_EXTENSION = app;
			};
			name = Debug;
		};
		18E5ED6315A81E7300F9E3C3 /* Release */ = {
			isa = XCBuildConfiguration;
			buildSettings = {
				GCC_PRECOMPILE_PREFIX_HEADER = YES;
				GCC_PREFIX_HEADER = "AasthaAPp/AasthaAPp-Prefix.pch";
				INFOPLIST_FILE = "AasthaAPp/AasthaAPp-Info.plist";
				PRODUCT_NAME = "$(TARGET_NAME)";
				WRAPPER_EXTENSION = app;
			};
			name = Release;
		};
/* End XCBuildConfiguration section */

/* Begin XCConfigurationList section */
		18E5ED3315A81E7200F9E3C3 /* Build configuration list for PBXProject "AasthaAPp" */ = {
			isa = XCConfigurationList;
			buildConfigurations = (
				18E5ED5F15A81E7300F9E3C3 /* Debug */,
				18E5ED6015A81E7300F9E3C3 /* Release */,
			);
			defaultConfigurationIsVisible = 0;
			defaultConfigurationName = Release;
		};
		18E5ED6115A81E7300F9E3C3 /* Build configuration list for PBXNativeTarget "AasthaAPp" */ = {
			isa = XCConfigurationList;
			buildConfigurations = (
				18E5ED6215A81E7300F9E3C3 /* Debug */,
				18E5ED6315A81E7300F9E3C3 /* Release */,
			);
			defaultConfigurationIsVisible = 0;
		};
/* End XCConfigurationList section */
	};
	rootObject = 18E5ED3015A81E7200F9E3C3 /* Project object */;
}
